
Microsoft Visual Studio Solution File, Format Version 11.00
# Visual Studio 2010
Project("{8BC9CEB8-8B4A-11D0-8D11-00A0C91BC942}") = "GitHubToDokuWiki", "GitHubToDokuWiki.vcxproj", "{F1897140-A78F-C412-F7DB-B4331D08F22C}"
EndProject
Global
	GlobalSection(SolutionConfigurationPlatforms) = preSolution
		Unicode_Debug|Win32 = Unicode_Debug|Win32
		Unicode_Release|Win32 = Unicode_Release|Win32
	EndGlobalSection
	GlobalSection(ProjectConfigurationPlatforms) = postSolution
		{F1897140-A78F-C412-F7DB-B4331D08F22C}.Unicode_Debug|Win32.ActiveCfg = Unicode_Debug|Win32
		{F1897140-A78F-C412-F7DB-B4331D08F22C}.Unicode_Debug|Win32.Build.0 = Unicode_Debug|Win32
		{F1897140-A78F-C412-F7DB-B4331D08F22C}.Unicode_Release|Win32.ActiveCfg = Unicode_Release|Win32
		{F1897140-A78F-C412-F7DB-B4331D08F22C}.Unicode_Release|Win32.Build.0 = Unicode_Release|Win32
	EndGlobalSection
	GlobalSection(SolutionProperties) = preSolution
		HideSolutionNode = FALSE
	EndGlobalSection
EndGlobal
